
Microsoft Visual Studio Solution File, Format Version 12.00
# Visual Studio Version 17
VisualStudioVersion = 17.0.31903.59
MinimumVisualStudioVersion = 10.0.40219.1
Project("{2150E333-8FDC-42A3-9474-1A3956D46DE8}") = "src", "src", "{6786E9B4-70DC-40BD-95EE-4B3785712EF8}"
EndProject
Project("{FAE04EC0-301F-11D3-BF4B-00C04F79EFBC}") = "AddressApp.Domain", "src\AddressApp.Domain\AddressApp.Domain.csproj", "{5523DB63-E959-4B7E-B848-A4D9D69D1FE7}"
EndProject
Project("{FAE04EC0-301F-11D3-BF4B-00C04F79EFBC}") = "AddressApp.Application", "src\AddressApp.Application\AddressApp.Application.csproj", "{4A5B559B-CBB2-4D1C-B07E-7575C8077243}"
EndProject
Project("{FAE04EC0-301F-11D3-BF4B-00C04F79EFBC}") = "AddressApp.Infrastructure", "src\AddressApp.Infrastructure\AddressApp.Infrastructure.csproj", "{88A1EF7A-DA39-401D-8B78-A925A5D4787C}"
EndProject
Project("{FAE04EC0-301F-11D3-BF4B-00C04F79EFBC}") = "AddressApp.API", "src\AddressApp.API\AddressApp.API.csproj", "{96DFC39A-D11E-498B-A33E-56FF84B0DC81}"
EndProject
Global
	GlobalSection(SolutionConfigurationPlatforms) = preSolution
		Debug|Any CPU = Debug|Any CPU
		Release|Any CPU = Release|Any CPU
	EndGlobalSection
	GlobalSection(SolutionProperties) = preSolution
		HideSolutionNode = FALSE
	EndGlobalSection
	GlobalSection(ProjectConfigurationPlatforms) = postSolution
		{5523DB63-E959-4B7E-B848-A4D9D69D1FE7}.Debug|Any CPU.ActiveCfg = Debug|Any CPU
		{5523DB63-E959-4B7E-B848-A4D9D69D1FE7}.Debug|Any CPU.Build.0 = Debug|Any CPU
		{5523DB63-E959-4B7E-B848-A4D9D69D1FE7}.Release|Any CPU.ActiveCfg = Release|Any CPU
		{5523DB63-E959-4B7E-B848-A4D9D69D1FE7}.Release|Any CPU.Build.0 = Release|Any CPU
		{4A5B559B-CBB2-4D1C-B07E-7575C8077243}.Debug|Any CPU.ActiveCfg = Debug|Any CPU
		{4A5B559B-CBB2-4D1C-B07E-7575C8077243}.Debug|Any CPU.Build.0 = Debug|Any CPU
		{4A5B559B-CBB2-4D1C-B07E-7575C8077243}.Release|Any CPU.ActiveCfg = Release|Any CPU
		{4A5B559B-CBB2-4D1C-B07E-7575C8077243}.Release|Any CPU.Build.0 = Release|Any CPU
		{88A1EF7A-DA39-401D-8B78-A925A5D4787C}.Debug|Any CPU.ActiveCfg = Debug|Any CPU
		{88A1EF7A-DA39-401D-8B78-A925A5D4787C}.Debug|Any CPU.Build.0 = Debug|Any CPU
		{88A1EF7A-DA39-401D-8B78-A925A5D4787C}.Release|Any CPU.ActiveCfg = Release|Any CPU
		{88A1EF7A-DA39-401D-8B78-A925A5D4787C}.Release|Any CPU.Build.0 = Release|Any CPU
		{96DFC39A-D11E-498B-A33E-56FF84B0DC81}.Debug|Any CPU.ActiveCfg = Debug|Any CPU
		{96DFC39A-D11E-498B-A33E-56FF84B0DC81}.Debug|Any CPU.Build.0 = Debug|Any CPU
		{96DFC39A-D11E-498B-A33E-56FF84B0DC81}.Release|Any CPU.ActiveCfg = Release|Any CPU
		{96DFC39A-D11E-498B-A33E-56FF84B0DC81}.Release|Any CPU.Build.0 = Release|Any CPU
	EndGlobalSection
	GlobalSection(NestedProjects) = preSolution
		{5523DB63-E959-4B7E-B848-A4D9D69D1FE7} = {6786E9B4-70DC-40BD-95EE-4B3785712EF8}
		{4A5B559B-CBB2-4D1C-B07E-7575C8077243} = {6786E9B4-70DC-40BD-95EE-4B3785712EF8}
		{88A1EF7A-DA39-401D-8B78-A925A5D4787C} = {6786E9B4-70DC-40BD-95EE-4B3785712EF8}
		{96DFC39A-D11E-498B-A33E-56FF84B0DC81} = {6786E9B4-70DC-40BD-95EE-4B3785712EF8}
	EndGlobalSection
EndGlobal
